
Microsoft Visual Studio Solution File, Format Version 12.00
# Visual Studio Version 16
VisualStudioVersion = 16.0.32002.261
MinimumVisualStudioVersion = 10.0.40219.1
Project("{FAE04EC0-301F-11D3-BF4B-00C04F79EFBC}") = "Enozom1", "Enozom1\Enozom1.csproj", "{A2542170-DB8E-4D09-81D2-888795D884DA}"
EndProject
Global
	GlobalSection(SolutionConfigurationPlatforms) = preSolution
		Debug|Any CPU = Debug|Any CPU
		Release|Any CPU = Release|Any CPU
	EndGlobalSection
	GlobalSection(ProjectConfigurationPlatforms) = postSolution
		{A2542170-DB8E-4D09-81D2-888795D884DA}.Debug|Any CPU.ActiveCfg = Debug|Any CPU
		{A2542170-DB8E-4D09-81D2-888795D884DA}.Debug|Any CPU.Build.0 = Debug|Any CPU
		{A2542170-DB8E-4D09-81D2-888795D884DA}.Release|Any CPU.ActiveCfg = Release|Any CPU
		{A2542170-DB8E-4D09-81D2-888795D884DA}.Release|Any CPU.Build.0 = Release|Any CPU
	EndGlobalSection
	GlobalSection(SolutionProperties) = preSolution
		HideSolutionNode = FALSE
	EndGlobalSection
	GlobalSection(ExtensibilityGlobals) = postSolution
		SolutionGuid = {6647D699-CED5-43CF-8AD4-EB842A67E457}
	EndGlobalSection
EndGlobal
